
Microsoft Visual Studio Solution File, Format Version 12.00
# Visual Studio Express 2012 for Windows Desktop
Project("{FAE04EC0-301F-11D3-BF4B-00C04F79EFBC}") = "CSharpStackByHand", "CSharpStackByHand\CSharpStackByHand.csproj", "{5D7DD211-C4F1-44D7-956B-591361E0CD20}"
EndProject
Global
	GlobalSection(SolutionConfigurationPlatforms) = preSolution
		Debug|Any CPU = Debug|Any CPU
		Release|Any CPU = Release|Any CPU
	EndGlobalSection
	GlobalSection(ProjectConfigurationPlatforms) = postSolution
		{5D7DD211-C4F1-44D7-956B-591361E0CD20}.Debug|Any CPU.ActiveCfg = Debug|Any CPU
		{5D7DD211-C4F1-44D7-956B-591361E0CD20}.Debug|Any CPU.Build.0 = Debug|Any CPU
		{5D7DD211-C4F1-44D7-956B-591361E0CD20}.Release|Any CPU.ActiveCfg = Release|Any CPU
		{5D7DD211-C4F1-44D7-956B-591361E0CD20}.Release|Any CPU.Build.0 = Release|Any CPU
	EndGlobalSection
	GlobalSection(SolutionProperties) = preSolution
		HideSolutionNode = FALSE
	EndGlobalSection
EndGlobal
